<Solution>
  <Folder Name="/docs/" />
  <Folder Name="/docs/specs/">
    <File Path="docs/specs/architecture-v1.md" />
    <File Path="docs/specs/spec-draft-v1.md" />
    <File Path="docs/specs/spec-draft-v2.md" />
    <File Path="docs/specs/spec-draft-v3.md" />
  </Folder>
  <Folder Name="/src/">
    <Project Path="src/FileManager.Contracts/FileManager.Contracts.csproj" />
    <Project Path="src/FileManager.Core/FileManager.Core.csproj" />
    <Project Path="src/FileManager.Platform.Windows/FileManager.Platform.Windows.csproj" />
    <Project Path="src/FileManager.Service/FileManager.Service.csproj" />
    <Project Path="src/FileManager.UI/FileManager.UI.csproj" />
  </Folder>
  <Folder Name="/test/">
    <Project Path="tests/FileManager.Contracts.Tests/FileManager.Contracts.Tests.csproj" />
    <Project Path="tests/FileManager.Core.Tests/FileManager.Core.Tests.csproj" />
    <Project Path="tests/FileManager.Platform.Windows.Tests/FileManager.Platform.Windows.Tests.csproj" />
    <Project Path="tests/FileManager.Service.Tests/FileManager.Service.Tests.csproj" />
    <Project Path="tests/FileManager.UI.Tests/FileManager.UI.Tests.csproj" />
  </Folder>
  <Folder Name="/benchmarks/">
    <Project Path="benchmarks/FileManager.Contracts.Benchmarks/FileManager.Contracts.Benchmarks.csproj" />
    <Project Path="benchmarks/FileManager.Core.Benchmarks/FileManager.Core.Benchmarks.csproj" />
  </Folder>
</Solution>
