<Solution>
  <Folder Name="/docs/" />
  <Folder Name="/docs/specs/">
    <File Path="docs/specs/spec-draft-v1.md" />
    <File Path="docs/specs/spec-draft-v2.md" />
    <File Path="docs/specs/spec-draft-v3.md" />
  </Folder>
  <Folder Name="/src/">
    <Project Path="src/FileManager.Contracts/FileManager.Contracts.csproj" />
    <Project Path="src/FileManager.Core/FileManager.Core.csproj" />
    <Project Path="src/FileManager.UI/FileManager.UI.csproj" />
  </Folder>
  <Folder Name="/test/">
    <Project Path="tests/FileManager.Contracts.Tests/FileManager.Contracts.Tests.csproj" />
    <Project Path="tests/FileManager.Core.Tests/FileManager.Core.Tests.csproj" />
    <Project Path="tests/FileManager.UI.Tests/FileManager.UI.Tests.csproj" />
  </Folder>
</Solution>
